
Microsoft Visual Studio Solution File, Format Version 12.00
# Visual Studio Version 17
VisualStudioVersion = 17.5.33414.496
MinimumVisualStudioVersion = 10.0.40219.1
Project("{9A19103F-16F7-4668-BE54-9A1E7A4F7556}") = "BookMechanicWorkshop_", "BookMechanicWorkshop_\BookMechanicWorkshop_.csproj", "{C0BF3CC9-0345-44F5-AD6E-827C1FE81F24}"
EndProject
Global
	GlobalSection(SolutionConfigurationPlatforms) = preSolution
		Debug|Any CPU = Debug|Any CPU
		Release|Any CPU = Release|Any CPU
	EndGlobalSection
	GlobalSection(ProjectConfigurationPlatforms) = postSolution
		{C0BF3CC9-0345-44F5-AD6E-827C1FE81F24}.Debug|Any CPU.ActiveCfg = Debug|Any CPU
		{C0BF3CC9-0345-44F5-AD6E-827C1FE81F24}.Debug|Any CPU.Build.0 = Debug|Any CPU
		{C0BF3CC9-0345-44F5-AD6E-827C1FE81F24}.Release|Any CPU.ActiveCfg = Release|Any CPU
		{C0BF3CC9-0345-44F5-AD6E-827C1FE81F24}.Release|Any CPU.Build.0 = Release|Any CPU
	EndGlobalSection
	GlobalSection(SolutionProperties) = preSolution
		HideSolutionNode = FALSE
	EndGlobalSection
	GlobalSection(ExtensibilityGlobals) = postSolution
		SolutionGuid = {3F168C67-1EC2-4D38-82DB-5182CF3D9450}
	EndGlobalSection
EndGlobal
